
Microsoft Visual Studio Solution File, Format Version 12.00
# Visual Studio Version 17
VisualStudioVersion = 17.0.31903.59
MinimumVisualStudioVersion = 10.0.40219.1
Project("{2150E333-8FDC-42A3-9474-1A3956D46DE8}") = "src", "src", "{E35222F9-5355-4BBB-8F49-9D8F23CF5C4B}"
EndProject
Project("{2150E333-8FDC-42A3-9474-1A3956D46DE8}") = "Core", "Core", "{3635EBF4-6EC9-43DA-BCEC-6216479B329E}"
EndProject
Project("{FAE04EC0-301F-11D3-BF4B-00C04F79EFBC}") = "Ecommerce.Domain", "src\Core\Ecommerce.Domain\Ecommerce.Domain.csproj", "{3FDC7A49-054F-4D54-8352-4B855AA53E33}"
EndProject
Project("{FAE04EC0-301F-11D3-BF4B-00C04F79EFBC}") = "Ecommerce.Application", "src\Core\Ecommerce.Application\Ecommerce.Application.csproj", "{BDB28D3B-E6FA-48CA-88DA-36BB0A990321}"
EndProject
Project("{FAE04EC0-301F-11D3-BF4B-00C04F79EFBC}") = "Ecommerce.Api", "src\Api\Ecommerce.Api.csproj", "{990AFBAE-F52F-4E1D-860E-12B82CD42717}"
EndProject
Project("{FAE04EC0-301F-11D3-BF4B-00C04F79EFBC}") = "Ecommerce.Infrastructure", "src\Infrastructure\Ecommerce.Infrastructure.csproj", "{718FA2A0-67AD-41A4-9EA7-224136E268CA}"
EndProject
Global
	GlobalSection(SolutionConfigurationPlatforms) = preSolution
		Debug|Any CPU = Debug|Any CPU
		Release|Any CPU = Release|Any CPU
	EndGlobalSection
	GlobalSection(SolutionProperties) = preSolution
		HideSolutionNode = FALSE
	EndGlobalSection
	GlobalSection(ProjectConfigurationPlatforms) = postSolution
		{3FDC7A49-054F-4D54-8352-4B855AA53E33}.Debug|Any CPU.ActiveCfg = Debug|Any CPU
		{3FDC7A49-054F-4D54-8352-4B855AA53E33}.Debug|Any CPU.Build.0 = Debug|Any CPU
		{3FDC7A49-054F-4D54-8352-4B855AA53E33}.Release|Any CPU.ActiveCfg = Release|Any CPU
		{3FDC7A49-054F-4D54-8352-4B855AA53E33}.Release|Any CPU.Build.0 = Release|Any CPU
		{BDB28D3B-E6FA-48CA-88DA-36BB0A990321}.Debug|Any CPU.ActiveCfg = Debug|Any CPU
		{BDB28D3B-E6FA-48CA-88DA-36BB0A990321}.Debug|Any CPU.Build.0 = Debug|Any CPU
		{BDB28D3B-E6FA-48CA-88DA-36BB0A990321}.Release|Any CPU.ActiveCfg = Release|Any CPU
		{BDB28D3B-E6FA-48CA-88DA-36BB0A990321}.Release|Any CPU.Build.0 = Release|Any CPU
		{990AFBAE-F52F-4E1D-860E-12B82CD42717}.Debug|Any CPU.ActiveCfg = Debug|Any CPU
		{990AFBAE-F52F-4E1D-860E-12B82CD42717}.Debug|Any CPU.Build.0 = Debug|Any CPU
		{990AFBAE-F52F-4E1D-860E-12B82CD42717}.Release|Any CPU.ActiveCfg = Release|Any CPU
		{990AFBAE-F52F-4E1D-860E-12B82CD42717}.Release|Any CPU.Build.0 = Release|Any CPU
		{718FA2A0-67AD-41A4-9EA7-224136E268CA}.Debug|Any CPU.ActiveCfg = Debug|Any CPU
		{718FA2A0-67AD-41A4-9EA7-224136E268CA}.Debug|Any CPU.Build.0 = Debug|Any CPU
		{718FA2A0-67AD-41A4-9EA7-224136E268CA}.Release|Any CPU.ActiveCfg = Release|Any CPU
		{718FA2A0-67AD-41A4-9EA7-224136E268CA}.Release|Any CPU.Build.0 = Release|Any CPU
	EndGlobalSection
	GlobalSection(NestedProjects) = preSolution
		{3635EBF4-6EC9-43DA-BCEC-6216479B329E} = {E35222F9-5355-4BBB-8F49-9D8F23CF5C4B}
		{3FDC7A49-054F-4D54-8352-4B855AA53E33} = {3635EBF4-6EC9-43DA-BCEC-6216479B329E}
		{BDB28D3B-E6FA-48CA-88DA-36BB0A990321} = {3635EBF4-6EC9-43DA-BCEC-6216479B329E}
		{990AFBAE-F52F-4E1D-860E-12B82CD42717} = {E35222F9-5355-4BBB-8F49-9D8F23CF5C4B}
		{718FA2A0-67AD-41A4-9EA7-224136E268CA} = {E35222F9-5355-4BBB-8F49-9D8F23CF5C4B}
	EndGlobalSection
EndGlobal
